
Microsoft Visual Studio Solution File, Format Version 12.00
# Visual Studio 14
VisualStudioVersion = 14.0.25123.0
MinimumVisualStudioVersion = 10.0.40219.1
Project("{D4B43EB3-688B-4EEE-86BD-088F0B28ABB3}") = "QND.OMS.LogAnalytics", "QND.OMS.LogAnalytics.mpproj", "{A5239F19-F154-4CD2-A3AD-679E8969286B}"
EndProject
Project("{D4B43EB3-688B-4EEE-86BD-088F0B28ABB3}") = "QND.OMS.Backup", "..\QND.Azure.Backup\QND.OMS.Backup.mpproj", "{CC08C0C5-3EBA-43FF-844E-5397ED8CEDC7}"
EndProject
Project("{D4B43EB3-688B-4EEE-86BD-088F0B28ABB3}") = "QND.OMS.Automation", "..\QND.Azure.Automation\QND.OMS.Automation.mpproj", "{D83135FA-E78F-4EF6-955D-25EFE60135F8}"
EndProject
Project("{D4B43EB3-688B-4EEE-86BD-088F0B28ABB3}") = "QND.AzureMPIntegration", "..\AzureMPIntegration\QND.AzureMPIntegration.mpproj", "{E4A746E9-990D-4D17-8892-54D78C11538D}"
EndProject
Project("{D4B43EB3-688B-4EEE-86BD-088F0B28ABB3}") = "QND.OMS.Backup.Server", "..\QND.OMS.Backup.Server\QND.OMS.Backup.Server.mpproj", "{A80179AC-7B16-4800-A43C-8D25F871A435}"
EndProject
Project("{D4B43EB3-688B-4EEE-86BD-088F0B28ABB3}") = "QND.Azure.StorageAccount", "..\QND.Azure.StorageAccount\QND.Azure.StorageAccount.mpproj", "{DB0120B9-00CF-4E43-B9E3-9C12970A39AF}"
EndProject
Project("{F5034706-568F-408A-B7B3-4D38C6DB8A32}") = "ExternalHealthChecks", "..\ExternalHealthChecks\ExternalHealthChecks.pssproj", "{6CAFC0C6-A428-4D30-A9F9-700E829FEA51}"
EndProject
Global
	GlobalSection(SolutionConfigurationPlatforms) = preSolution
		Debug|Any CPU = Debug|Any CPU
		Debug|x86 = Debug|x86
		Release|Any CPU = Release|Any CPU
		Release|x86 = Release|x86
	EndGlobalSection
	GlobalSection(ProjectConfigurationPlatforms) = postSolution
		{A5239F19-F154-4CD2-A3AD-679E8969286B}.Debug|Any CPU.ActiveCfg = Debug|x86
		{A5239F19-F154-4CD2-A3AD-679E8969286B}.Debug|x86.ActiveCfg = Debug|x86
		{A5239F19-F154-4CD2-A3AD-679E8969286B}.Debug|x86.Build.0 = Debug|x86
		{A5239F19-F154-4CD2-A3AD-679E8969286B}.Release|Any CPU.ActiveCfg = Release|x86
		{A5239F19-F154-4CD2-A3AD-679E8969286B}.Release|x86.ActiveCfg = Release|x86
		{A5239F19-F154-4CD2-A3AD-679E8969286B}.Release|x86.Build.0 = Release|x86
		{CC08C0C5-3EBA-43FF-844E-5397ED8CEDC7}.Debug|Any CPU.ActiveCfg = Debug|x86
		{CC08C0C5-3EBA-43FF-844E-5397ED8CEDC7}.Debug|x86.ActiveCfg = Debug|x86
		{CC08C0C5-3EBA-43FF-844E-5397ED8CEDC7}.Debug|x86.Build.0 = Debug|x86
		{CC08C0C5-3EBA-43FF-844E-5397ED8CEDC7}.Release|Any CPU.ActiveCfg = Release|x86
		{CC08C0C5-3EBA-43FF-844E-5397ED8CEDC7}.Release|x86.ActiveCfg = Release|x86
		{CC08C0C5-3EBA-43FF-844E-5397ED8CEDC7}.Release|x86.Build.0 = Release|x86
		{D83135FA-E78F-4EF6-955D-25EFE60135F8}.Debug|Any CPU.ActiveCfg = Debug|x86
		{D83135FA-E78F-4EF6-955D-25EFE60135F8}.Debug|x86.ActiveCfg = Debug|x86
		{D83135FA-E78F-4EF6-955D-25EFE60135F8}.Debug|x86.Build.0 = Debug|x86
		{D83135FA-E78F-4EF6-955D-25EFE60135F8}.Release|Any CPU.ActiveCfg = Release|x86
		{D83135FA-E78F-4EF6-955D-25EFE60135F8}.Release|x86.ActiveCfg = Release|x86
		{D83135FA-E78F-4EF6-955D-25EFE60135F8}.Release|x86.Build.0 = Release|x86
		{E4A746E9-990D-4D17-8892-54D78C11538D}.Debug|Any CPU.ActiveCfg = Debug|x86
		{E4A746E9-990D-4D17-8892-54D78C11538D}.Debug|x86.ActiveCfg = Debug|x86
		{E4A746E9-990D-4D17-8892-54D78C11538D}.Debug|x86.Build.0 = Debug|x86
		{E4A746E9-990D-4D17-8892-54D78C11538D}.Release|Any CPU.ActiveCfg = Release|x86
		{E4A746E9-990D-4D17-8892-54D78C11538D}.Release|x86.ActiveCfg = Release|x86
		{E4A746E9-990D-4D17-8892-54D78C11538D}.Release|x86.Build.0 = Release|x86
		{A80179AC-7B16-4800-A43C-8D25F871A435}.Debug|Any CPU.ActiveCfg = Debug|x86
		{A80179AC-7B16-4800-A43C-8D25F871A435}.Debug|x86.ActiveCfg = Debug|x86
		{A80179AC-7B16-4800-A43C-8D25F871A435}.Debug|x86.Build.0 = Debug|x86
		{A80179AC-7B16-4800-A43C-8D25F871A435}.Release|Any CPU.ActiveCfg = Release|x86
		{A80179AC-7B16-4800-A43C-8D25F871A435}.Release|x86.ActiveCfg = Release|x86
		{A80179AC-7B16-4800-A43C-8D25F871A435}.Release|x86.Build.0 = Release|x86
		{DB0120B9-00CF-4E43-B9E3-9C12970A39AF}.Debug|Any CPU.ActiveCfg = Debug|x86
		{DB0120B9-00CF-4E43-B9E3-9C12970A39AF}.Debug|x86.ActiveCfg = Debug|x86
		{DB0120B9-00CF-4E43-B9E3-9C12970A39AF}.Debug|x86.Build.0 = Debug|x86
		{DB0120B9-00CF-4E43-B9E3-9C12970A39AF}.Release|Any CPU.ActiveCfg = Release|x86
		{DB0120B9-00CF-4E43-B9E3-9C12970A39AF}.Release|x86.ActiveCfg = Release|x86
		{DB0120B9-00CF-4E43-B9E3-9C12970A39AF}.Release|x86.Build.0 = Release|x86
		{6CAFC0C6-A428-4D30-A9F9-700E829FEA51}.Debug|Any CPU.ActiveCfg = Debug|Any CPU
		{6CAFC0C6-A428-4D30-A9F9-700E829FEA51}.Debug|Any CPU.Build.0 = Debug|Any CPU
		{6CAFC0C6-A428-4D30-A9F9-700E829FEA51}.Debug|x86.ActiveCfg = Debug|Any CPU
		{6CAFC0C6-A428-4D30-A9F9-700E829FEA51}.Debug|x86.Build.0 = Debug|Any CPU
		{6CAFC0C6-A428-4D30-A9F9-700E829FEA51}.Release|Any CPU.ActiveCfg = Release|Any CPU
		{6CAFC0C6-A428-4D30-A9F9-700E829FEA51}.Release|Any CPU.Build.0 = Release|Any CPU
		{6CAFC0C6-A428-4D30-A9F9-700E829FEA51}.Release|x86.ActiveCfg = Release|Any CPU
		{6CAFC0C6-A428-4D30-A9F9-700E829FEA51}.Release|x86.Build.0 = Release|Any CPU
	EndGlobalSection
	GlobalSection(SolutionProperties) = preSolution
		HideSolutionNode = FALSE
	EndGlobalSection
EndGlobal
